
Microsoft Visual Studio Solution File, Format Version 12.00
# Visual Studio Version 17
VisualStudioVersion = 17.4.33213.308
MinimumVisualStudioVersion = 10.0.40219.1
Project("{9A19103F-16F7-4668-BE54-9A1E7A4F7556}") = "ResumeCoverLetterCreator", "ResumeCoverLetterCreator\ResumeCoverLetterCreator.csproj", "{9FC195F0-1C82-47B7-8451-32BC8BCF8EDE}"
EndProject
Global
	GlobalSection(SolutionConfigurationPlatforms) = preSolution
		Debug|Any CPU = Debug|Any CPU
		Release|Any CPU = Release|Any CPU
	EndGlobalSection
	GlobalSection(ProjectConfigurationPlatforms) = postSolution
		{9FC195F0-1C82-47B7-8451-32BC8BCF8EDE}.Debug|Any CPU.ActiveCfg = Debug|Any CPU
		{9FC195F0-1C82-47B7-8451-32BC8BCF8EDE}.Debug|Any CPU.Build.0 = Debug|Any CPU
		{9FC195F0-1C82-47B7-8451-32BC8BCF8EDE}.Release|Any CPU.ActiveCfg = Release|Any CPU
		{9FC195F0-1C82-47B7-8451-32BC8BCF8EDE}.Release|Any CPU.Build.0 = Release|Any CPU
	EndGlobalSection
	GlobalSection(SolutionProperties) = preSolution
		HideSolutionNode = FALSE
	EndGlobalSection
	GlobalSection(ExtensibilityGlobals) = postSolution
		SolutionGuid = {CC0D9D6B-86A8-4E9C-8642-1297E999E82E}
	EndGlobalSection
EndGlobal
